dependencies:
- name: redis
  repository: oci://registry-1.docker.io/bitnamicharts
  version: 23.2.12
- name: postgresql
  repository: oci://registry-1.docker.io/bitnamicharts
  version: 18.1.13
digest: sha256:db78eea4a2211a5545dc3b508c8af980bdc56013497308b7b20348aced2b3ca2
generated: "2025-11-25T23:25:35.157331-08:00"
